
Microsoft Visual Studio Solution File, Format Version 12.00
# Visual Studio Version 17
VisualStudioVersion = 17.0.31903.59
MinimumVisualStudioVersion = 10.0.40219.1
Project("{2150E333-8FDC-42A3-9474-1A3956D46DE8}") = "src", "src", "{003BA5BD-B16D-4991-90C9-807AC4A5FDAB}"
EndProject
Project("{FAE04EC0-301F-11D3-BF4B-00C04F79EFBC}") = "PMS.Contracts", "src\PMS.Contracts\PMS.Contracts.csproj", "{3DAB70BE-032C-410B-AF5D-4B964500B134}"
EndProject
Project("{FAE04EC0-301F-11D3-BF4B-00C04F79EFBC}") = "PMS.Common", "src\PMS.Common\PMS.Common.csproj", "{A5CD1AFE-4652-4255-A989-E5ED1DB1D090}"
EndProject
Project("{FAE04EC0-301F-11D3-BF4B-00C04F79EFBC}") = "PMS.Gateway", "src\PMS.Gateway\PMS.Gateway.csproj", "{109D531D-9F3F-4A21-BCF6-6D0A857AE43E}"
EndProject
Project("{FAE04EC0-301F-11D3-BF4B-00C04F79EFBC}") = "PMS.Auth", "src\PMS.Auth\PMS.Auth.csproj", "{2C64FEDB-CCED-4D43-AC1D-2703F17082BB}"
EndProject
Project("{FAE04EC0-301F-11D3-BF4B-00C04F79EFBC}") = "PMS.Patient", "src\PMS.Patient\PMS.Patient.csproj", "{F7D5E432-0B70-437F-A133-4FBCBD144DB8}"
EndProject
Project("{FAE04EC0-301F-11D3-BF4B-00C04F79EFBC}") = "PMS.Billing", "src\PMS.Billing\PMS.Billing.csproj", "{4F393620-76E9-459B-BD07-3808F2007A54}"
EndProject
Project("{FAE04EC0-301F-11D3-BF4B-00C04F79EFBC}") = "PMS.AI", "src\PMS.AI\PMS.AI.csproj", "{FBEB8089-75D2-4B7B-911A-1BDC4C8A8705}"
EndProject
Project("{FAE04EC0-301F-11D3-BF4B-00C04F79EFBC}") = "PMS.Mcp", "src\PMS.Mcp\PMS.Mcp.csproj", "{4B7A9DE8-1E5C-4C77-9E2C-7A9B2E1D8F42}"
EndProject
Project("{2150E333-8FDC-42A3-9474-1A3956D46DE8}") = "tests", "tests", "{1EBA5B9C-6E83-4DF8-9829-B95E7C00781C}"
EndProject
Project("{FAE04EC0-301F-11D3-BF4B-00C04F79EFBC}") = "PMS.Auth.Tests", "tests\PMS.Auth.Tests\PMS.Auth.Tests.csproj", "{57A7DD18-1A3B-4E9B-950B-94B3C883704E}"
EndProject
Project("{FAE04EC0-301F-11D3-BF4B-00C04F79EFBC}") = "PMS.Patient.Tests", "tests\PMS.Patient.Tests\PMS.Patient.Tests.csproj", "{00D04555-A57E-4235-BB2E-5C69FCA4A1D5}"
EndProject
Project("{FAE04EC0-301F-11D3-BF4B-00C04F79EFBC}") = "PMS.Billing.Tests", "tests\PMS.Billing.Tests\PMS.Billing.Tests.csproj", "{59D9DAF5-D311-4806-9FBA-8800E735CFB4}"
EndProject
Project("{FAE04EC0-301F-11D3-BF4B-00C04F79EFBC}") = "PMS.AI.Tests", "tests\PMS.AI.Tests\PMS.AI.Tests.csproj", "{26AA1D1E-E1DD-4493-917E-3B44CF83C681}"
EndProject
Global
	GlobalSection(SolutionConfigurationPlatforms) = preSolution
		Debug|Any CPU = Debug|Any CPU
		Release|Any CPU = Release|Any CPU
	EndGlobalSection
	GlobalSection(SolutionProperties) = preSolution
		HideSolutionNode = FALSE
	EndGlobalSection
	GlobalSection(ProjectConfigurationPlatforms) = postSolution
		{3DAB70BE-032C-410B-AF5D-4B964500B134}.Debug|Any CPU.ActiveCfg = Debug|Any CPU
		{3DAB70BE-032C-410B-AF5D-4B964500B134}.Debug|Any CPU.Build.0 = Debug|Any CPU
		{3DAB70BE-032C-410B-AF5D-4B964500B134}.Release|Any CPU.ActiveCfg = Release|Any CPU
		{3DAB70BE-032C-410B-AF5D-4B964500B134}.Release|Any CPU.Build.0 = Release|Any CPU
		{A5CD1AFE-4652-4255-A989-E5ED1DB1D090}.Debug|Any CPU.ActiveCfg = Debug|Any CPU
		{A5CD1AFE-4652-4255-A989-E5ED1DB1D090}.Debug|Any CPU.Build.0 = Debug|Any CPU
		{A5CD1AFE-4652-4255-A989-E5ED1DB1D090}.Release|Any CPU.ActiveCfg = Release|Any CPU
		{A5CD1AFE-4652-4255-A989-E5ED1DB1D090}.Release|Any CPU.Build.0 = Release|Any CPU
		{109D531D-9F3F-4A21-BCF6-6D0A857AE43E}.Debug|Any CPU.ActiveCfg = Debug|Any CPU
		{109D531D-9F3F-4A21-BCF6-6D0A857AE43E}.Debug|Any CPU.Build.0 = Debug|Any CPU
		{109D531D-9F3F-4A21-BCF6-6D0A857AE43E}.Release|Any CPU.ActiveCfg = Release|Any CPU
		{109D531D-9F3F-4A21-BCF6-6D0A857AE43E}.Release|Any CPU.Build.0 = Release|Any CPU
		{2C64FEDB-CCED-4D43-AC1D-2703F17082BB}.Debug|Any CPU.ActiveCfg = Debug|Any CPU
		{2C64FEDB-CCED-4D43-AC1D-2703F17082BB}.Debug|Any CPU.Build.0 = Debug|Any CPU
		{2C64FEDB-CCED-4D43-AC1D-2703F17082BB}.Release|Any CPU.ActiveCfg = Release|Any CPU
		{2C64FEDB-CCED-4D43-AC1D-2703F17082BB}.Release|Any CPU.Build.0 = Release|Any CPU
		{F7D5E432-0B70-437F-A133-4FBCBD144DB8}.Debug|Any CPU.ActiveCfg = Debug|Any CPU
		{F7D5E432-0B70-437F-A133-4FBCBD144DB8}.Debug|Any CPU.Build.0 = Debug|Any CPU
		{F7D5E432-0B70-437F-A133-4FBCBD144DB8}.Release|Any CPU.ActiveCfg = Release|Any CPU
		{F7D5E432-0B70-437F-A133-4FBCBD144DB8}.Release|Any CPU.Build.0 = Release|Any CPU
		{4F393620-76E9-459B-BD07-3808F2007A54}.Debug|Any CPU.ActiveCfg = Debug|Any CPU
		{4F393620-76E9-459B-BD07-3808F2007A54}.Debug|Any CPU.Build.0 = Debug|Any CPU
		{4F393620-76E9-459B-BD07-3808F2007A54}.Release|Any CPU.ActiveCfg = Release|Any CPU
		{4F393620-76E9-459B-BD07-3808F2007A54}.Release|Any CPU.Build.0 = Release|Any CPU
		{FBEB8089-75D2-4B7B-911A-1BDC4C8A8705}.Debug|Any CPU.ActiveCfg = Debug|Any CPU
		{FBEB8089-75D2-4B7B-911A-1BDC4C8A8705}.Debug|Any CPU.Build.0 = Debug|Any CPU
		{FBEB8089-75D2-4B7B-911A-1BDC4C8A8705}.Release|Any CPU.ActiveCfg = Release|Any CPU
		{FBEB8089-75D2-4B7B-911A-1BDC4C8A8705}.Release|Any CPU.Build.0 = Release|Any CPU
		{4B7A9DE8-1E5C-4C77-9E2C-7A9B2E1D8F42}.Debug|Any CPU.ActiveCfg = Debug|Any CPU
		{4B7A9DE8-1E5C-4C77-9E2C-7A9B2E1D8F42}.Debug|Any CPU.Build.0 = Debug|Any CPU
		{4B7A9DE8-1E5C-4C77-9E2C-7A9B2E1D8F42}.Release|Any CPU.ActiveCfg = Release|Any CPU
		{4B7A9DE8-1E5C-4C77-9E2C-7A9B2E1D8F42}.Release|Any CPU.Build.0 = Release|Any CPU
		{57A7DD18-1A3B-4E9B-950B-94B3C883704E}.Debug|Any CPU.ActiveCfg = Debug|Any CPU
		{57A7DD18-1A3B-4E9B-950B-94B3C883704E}.Debug|Any CPU.Build.0 = Debug|Any CPU
		{57A7DD18-1A3B-4E9B-950B-94B3C883704E}.Release|Any CPU.ActiveCfg = Release|Any CPU
		{57A7DD18-1A3B-4E9B-950B-94B3C883704E}.Release|Any CPU.Build.0 = Release|Any CPU
		{00D04555-A57E-4235-BB2E-5C69FCA4A1D5}.Debug|Any CPU.ActiveCfg = Debug|Any CPU
		{00D04555-A57E-4235-BB2E-5C69FCA4A1D5}.Debug|Any CPU.Build.0 = Debug|Any CPU
		{00D04555-A57E-4235-BB2E-5C69FCA4A1D5}.Release|Any CPU.ActiveCfg = Release|Any CPU
		{00D04555-A57E-4235-BB2E-5C69FCA4A1D5}.Release|Any CPU.Build.0 = Release|Any CPU
		{59D9DAF5-D311-4806-9FBA-8800E735CFB4}.Debug|Any CPU.ActiveCfg = Debug|Any CPU
		{59D9DAF5-D311-4806-9FBA-8800E735CFB4}.Debug|Any CPU.Build.0 = Debug|Any CPU
		{59D9DAF5-D311-4806-9FBA-8800E735CFB4}.Release|Any CPU.ActiveCfg = Release|Any CPU
		{59D9DAF5-D311-4806-9FBA-8800E735CFB4}.Release|Any CPU.Build.0 = Release|Any CPU
		{26AA1D1E-E1DD-4493-917E-3B44CF83C681}.Debug|Any CPU.ActiveCfg = Debug|Any CPU
		{26AA1D1E-E1DD-4493-917E-3B44CF83C681}.Debug|Any CPU.Build.0 = Debug|Any CPU
		{26AA1D1E-E1DD-4493-917E-3B44CF83C681}.Release|Any CPU.ActiveCfg = Release|Any CPU
		{26AA1D1E-E1DD-4493-917E-3B44CF83C681}.Release|Any CPU.Build.0 = Release|Any CPU
	EndGlobalSection
	GlobalSection(NestedProjects) = preSolution
		{3DAB70BE-032C-410B-AF5D-4B964500B134} = {003BA5BD-B16D-4991-90C9-807AC4A5FDAB}
		{A5CD1AFE-4652-4255-A989-E5ED1DB1D090} = {003BA5BD-B16D-4991-90C9-807AC4A5FDAB}
		{109D531D-9F3F-4A21-BCF6-6D0A857AE43E} = {003BA5BD-B16D-4991-90C9-807AC4A5FDAB}
		{2C64FEDB-CCED-4D43-AC1D-2703F17082BB} = {003BA5BD-B16D-4991-90C9-807AC4A5FDAB}
		{F7D5E432-0B70-437F-A133-4FBCBD144DB8} = {003BA5BD-B16D-4991-90C9-807AC4A5FDAB}
		{4F393620-76E9-459B-BD07-3808F2007A54} = {003BA5BD-B16D-4991-90C9-807AC4A5FDAB}
		{FBEB8089-75D2-4B7B-911A-1BDC4C8A8705} = {003BA5BD-B16D-4991-90C9-807AC4A5FDAB}
		{4B7A9DE8-1E5C-4C77-9E2C-7A9B2E1D8F42} = {003BA5BD-B16D-4991-90C9-807AC4A5FDAB}
		{57A7DD18-1A3B-4E9B-950B-94B3C883704E} = {1EBA5B9C-6E83-4DF8-9829-B95E7C00781C}
		{00D04555-A57E-4235-BB2E-5C69FCA4A1D5} = {1EBA5B9C-6E83-4DF8-9829-B95E7C00781C}
		{59D9DAF5-D311-4806-9FBA-8800E735CFB4} = {1EBA5B9C-6E83-4DF8-9829-B95E7C00781C}
		{26AA1D1E-E1DD-4493-917E-3B44CF83C681} = {1EBA5B9C-6E83-4DF8-9829-B95E7C00781C}
	EndGlobalSection
EndGlobal
